
Microsoft Visual Studio Solution File, Format Version 12.00
# Visual Studio Version 16
VisualStudioVersion = 16.0.29215.179
MinimumVisualStudioVersion = 10.0.40219.1
Project("{FAE04EC0-301F-11D3-BF4B-00C04F79EFBC}") = "Course16", "Course16\Course16.csproj", "{8E43B234-5418-43F9-83D8-87635E3240BD}"
EndProject
Global
	GlobalSection(SolutionConfigurationPlatforms) = preSolution
		Debug|Any CPU = Debug|Any CPU
		Release|Any CPU = Release|Any CPU
	EndGlobalSection
	GlobalSection(ProjectConfigurationPlatforms) = postSolution
		{8E43B234-5418-43F9-83D8-87635E3240BD}.Debug|Any CPU.ActiveCfg = Debug|Any CPU
		{8E43B234-5418-43F9-83D8-87635E3240BD}.Debug|Any CPU.Build.0 = Debug|Any CPU
		{8E43B234-5418-43F9-83D8-87635E3240BD}.Release|Any CPU.ActiveCfg = Release|Any CPU
		{8E43B234-5418-43F9-83D8-87635E3240BD}.Release|Any CPU.Build.0 = Release|Any CPU
	EndGlobalSection
	GlobalSection(SolutionProperties) = preSolution
		HideSolutionNode = FALSE
	EndGlobalSection
	GlobalSection(ExtensibilityGlobals) = postSolution
		SolutionGuid = {9F9D0E1D-45E4-4C63-8B84-CC6B1237838A}
	EndGlobalSection
EndGlobal
